
Microsoft Visual Studio Solution File, Format Version 12.00
# Visual Studio Version 16
VisualStudioVersion = 16.0.30503.244
MinimumVisualStudioVersion = 10.0.40219.1
Project("{9A19103F-16F7-4668-BE54-9A1E7A4F7556}") = "DroneAidBot", "DroneAidBot\DroneAidBot.csproj", "{B3B4E92D-94D9-4563-BB0D-4C93239FC888}"
EndProject
Global
	GlobalSection(SolutionConfigurationPlatforms) = preSolution
		Debug|Any CPU = Debug|Any CPU
		Release|Any CPU = Release|Any CPU
	EndGlobalSection
	GlobalSection(ProjectConfigurationPlatforms) = postSolution
		{B3B4E92D-94D9-4563-BB0D-4C93239FC888}.Debug|Any CPU.ActiveCfg = Debug|Any CPU
		{B3B4E92D-94D9-4563-BB0D-4C93239FC888}.Debug|Any CPU.Build.0 = Debug|Any CPU
		{B3B4E92D-94D9-4563-BB0D-4C93239FC888}.Release|Any CPU.ActiveCfg = Release|Any CPU
		{B3B4E92D-94D9-4563-BB0D-4C93239FC888}.Release|Any CPU.Build.0 = Release|Any CPU
	EndGlobalSection
	GlobalSection(SolutionProperties) = preSolution
		HideSolutionNode = FALSE
	EndGlobalSection
	GlobalSection(ExtensibilityGlobals) = postSolution
		SolutionGuid = {C01AD8FD-7C63-490C-8071-E93EE353FCD7}
	EndGlobalSection
EndGlobal
